
Microsoft Visual Studio Solution File, Format Version 12.00
# Visual Studio Version 17
VisualStudioVersion = 17.12.35514.174
MinimumVisualStudioVersion = 10.0.40219.1
Project("{2150E333-8FDC-42A3-9474-1A3956D46DE8}") = "Services", "Services", "{0C92A073-62E8-48F6-A9C9-7AD832FEF61C}"
EndProject
Project("{2150E333-8FDC-42A3-9474-1A3956D46DE8}") = "Catalog", "Catalog", "{3E29BA5B-DEA8-4D09-B46C-B5785AA08191}"
EndProject
Project("{FAE04EC0-301F-11D3-BF4B-00C04F79EFBC}") = "EcommerceMultiShop.Catalog", "Services\Catalog\EcommerceMultiShop.Catalog\EcommerceMultiShop.Catalog.csproj", "{42133C3E-6820-441D-AD14-CBFD25D3E324}"
EndProject
Project("{2150E333-8FDC-42A3-9474-1A3956D46DE8}") = "Discount", "Discount", "{D37523BE-F32A-405B-BDD7-5740B1A7D417}"
EndProject
Project("{FAE04EC0-301F-11D3-BF4B-00C04F79EFBC}") = "EcommerceMultiShop.Discount", "Services\Discount\EcommerceMultiShop.Discount\EcommerceMultiShop.Discount.csproj", "{B80DAD6B-DD48-43EE-946F-AA9B7459CFD0}"
EndProject
Project("{2150E333-8FDC-42A3-9474-1A3956D46DE8}") = "Order", "Order", "{29D8E82E-FFFB-4AD3-8C66-62B8883689FE}"
EndProject
Project("{2150E333-8FDC-42A3-9474-1A3956D46DE8}") = "Core", "Core", "{66297E97-E4F5-4FCC-8EA8-3914681F0666}"
EndProject
Project("{2150E333-8FDC-42A3-9474-1A3956D46DE8}") = "Infrastructure", "Infrastructure", "{B788D89E-F696-4E36-AA72-FD65091E9848}"
EndProject
Project("{2150E333-8FDC-42A3-9474-1A3956D46DE8}") = "Presentation", "Presentation", "{AD81EB58-D404-43B1-A8EC-325C18C9C4E9}"
EndProject
Project("{FAE04EC0-301F-11D3-BF4B-00C04F79EFBC}") = "EcommerceMultiShop.Order.Domain", "Services\Order\Core\EcommerceMultiShop.Order.Domain\EcommerceMultiShop.Order.Domain.csproj", "{D3258122-01FD-4CE7-ABDF-C7EC6894DB6B}"
EndProject
Project("{FAE04EC0-301F-11D3-BF4B-00C04F79EFBC}") = "EcommerceMultiShop.Order.Application", "Services\Order\Core\EcommerceMultiShop.Order.Application\EcommerceMultiShop.Order.Application.csproj", "{29307C5D-65D1-4717-AAFA-0F87D7C2347C}"
EndProject
Project("{FAE04EC0-301F-11D3-BF4B-00C04F79EFBC}") = "EcommerceMultiShop.Order.Persistence", "Services\Order\Infrastructure\EcommerceMultiShop.Order.Persistence\EcommerceMultiShop.Order.Persistence.csproj", "{0C1ACD64-2930-463A-AB32-1AB7215346BB}"
EndProject
Project("{FAE04EC0-301F-11D3-BF4B-00C04F79EFBC}") = "EcommerceMultiShop.Order.WebApi", "Services\Order\Presentation\EcommerceMultiShop.Order.WebApi\EcommerceMultiShop.Order.WebApi.csproj", "{F5641CB9-459F-4CAA-B497-528865E116C0}"
EndProject
Global
	GlobalSection(SolutionConfigurationPlatforms) = preSolution
		Debug|Any CPU = Debug|Any CPU
		Release|Any CPU = Release|Any CPU
	EndGlobalSection
	GlobalSection(ProjectConfigurationPlatforms) = postSolution
		{42133C3E-6820-441D-AD14-CBFD25D3E324}.Debug|Any CPU.ActiveCfg = Debug|Any CPU
		{42133C3E-6820-441D-AD14-CBFD25D3E324}.Debug|Any CPU.Build.0 = Debug|Any CPU
		{42133C3E-6820-441D-AD14-CBFD25D3E324}.Release|Any CPU.ActiveCfg = Release|Any CPU
		{42133C3E-6820-441D-AD14-CBFD25D3E324}.Release|Any CPU.Build.0 = Release|Any CPU
		{B80DAD6B-DD48-43EE-946F-AA9B7459CFD0}.Debug|Any CPU.ActiveCfg = Debug|Any CPU
		{B80DAD6B-DD48-43EE-946F-AA9B7459CFD0}.Debug|Any CPU.Build.0 = Debug|Any CPU
		{B80DAD6B-DD48-43EE-946F-AA9B7459CFD0}.Release|Any CPU.ActiveCfg = Release|Any CPU
		{B80DAD6B-DD48-43EE-946F-AA9B7459CFD0}.Release|Any CPU.Build.0 = Release|Any CPU
		{D3258122-01FD-4CE7-ABDF-C7EC6894DB6B}.Debug|Any CPU.ActiveCfg = Debug|Any CPU
		{D3258122-01FD-4CE7-ABDF-C7EC6894DB6B}.Debug|Any CPU.Build.0 = Debug|Any CPU
		{D3258122-01FD-4CE7-ABDF-C7EC6894DB6B}.Release|Any CPU.ActiveCfg = Release|Any CPU
		{D3258122-01FD-4CE7-ABDF-C7EC6894DB6B}.Release|Any CPU.Build.0 = Release|Any CPU
		{29307C5D-65D1-4717-AAFA-0F87D7C2347C}.Debug|Any CPU.ActiveCfg = Debug|Any CPU
		{29307C5D-65D1-4717-AAFA-0F87D7C2347C}.Debug|Any CPU.Build.0 = Debug|Any CPU
		{29307C5D-65D1-4717-AAFA-0F87D7C2347C}.Release|Any CPU.ActiveCfg = Release|Any CPU
		{29307C5D-65D1-4717-AAFA-0F87D7C2347C}.Release|Any CPU.Build.0 = Release|Any CPU
		{0C1ACD64-2930-463A-AB32-1AB7215346BB}.Debug|Any CPU.ActiveCfg = Debug|Any CPU
		{0C1ACD64-2930-463A-AB32-1AB7215346BB}.Debug|Any CPU.Build.0 = Debug|Any CPU
		{0C1ACD64-2930-463A-AB32-1AB7215346BB}.Release|Any CPU.ActiveCfg = Release|Any CPU
		{0C1ACD64-2930-463A-AB32-1AB7215346BB}.Release|Any CPU.Build.0 = Release|Any CPU
		{F5641CB9-459F-4CAA-B497-528865E116C0}.Debug|Any CPU.ActiveCfg = Debug|Any CPU
		{F5641CB9-459F-4CAA-B497-528865E116C0}.Debug|Any CPU.Build.0 = Debug|Any CPU
		{F5641CB9-459F-4CAA-B497-528865E116C0}.Release|Any CPU.ActiveCfg = Release|Any CPU
		{F5641CB9-459F-4CAA-B497-528865E116C0}.Release|Any CPU.Build.0 = Release|Any CPU
	EndGlobalSection
	GlobalSection(SolutionProperties) = preSolution
		HideSolutionNode = FALSE
	EndGlobalSection
	GlobalSection(NestedProjects) = preSolution
		{3E29BA5B-DEA8-4D09-B46C-B5785AA08191} = {0C92A073-62E8-48F6-A9C9-7AD832FEF61C}
		{42133C3E-6820-441D-AD14-CBFD25D3E324} = {3E29BA5B-DEA8-4D09-B46C-B5785AA08191}
		{D37523BE-F32A-405B-BDD7-5740B1A7D417} = {0C92A073-62E8-48F6-A9C9-7AD832FEF61C}
		{B80DAD6B-DD48-43EE-946F-AA9B7459CFD0} = {D37523BE-F32A-405B-BDD7-5740B1A7D417}
		{29D8E82E-FFFB-4AD3-8C66-62B8883689FE} = {0C92A073-62E8-48F6-A9C9-7AD832FEF61C}
		{66297E97-E4F5-4FCC-8EA8-3914681F0666} = {29D8E82E-FFFB-4AD3-8C66-62B8883689FE}
		{B788D89E-F696-4E36-AA72-FD65091E9848} = {29D8E82E-FFFB-4AD3-8C66-62B8883689FE}
		{AD81EB58-D404-43B1-A8EC-325C18C9C4E9} = {29D8E82E-FFFB-4AD3-8C66-62B8883689FE}
		{D3258122-01FD-4CE7-ABDF-C7EC6894DB6B} = {66297E97-E4F5-4FCC-8EA8-3914681F0666}
		{29307C5D-65D1-4717-AAFA-0F87D7C2347C} = {66297E97-E4F5-4FCC-8EA8-3914681F0666}
		{0C1ACD64-2930-463A-AB32-1AB7215346BB} = {B788D89E-F696-4E36-AA72-FD65091E9848}
		{F5641CB9-459F-4CAA-B497-528865E116C0} = {AD81EB58-D404-43B1-A8EC-325C18C9C4E9}
	EndGlobalSection
EndGlobal
